
Microsoft Visual Studio Solution File, Format Version 12.00
# Visual Studio Version 17
VisualStudioVersion = 17.8.34511.84
MinimumVisualStudioVersion = 10.0.40219.1
Project("{9A19103F-16F7-4668-BE54-9A1E7A4F7556}") = "XamlNotes", "XamlNotes\XamlNotes.csproj", "{E2B65A55-EDAF-48BD-A681-F86B3F0A4CCC}"
EndProject
Project("{FAE04EC0-301F-11D3-BF4B-00C04F79EFBC}") = "MauiNotes", "MauiNotes\MauiNotes.csproj", "{B9B188C3-FCCF-4B42-8B19-5CDEC28965A8}"
EndProject
Project("{FAE04EC0-301F-11D3-BF4B-00C04F79EFBC}") = "WinAppSdkNotes", "WinAppSdkNotes\WinAppSdkNotes.csproj", "{58A362B8-A340-4754-9C81-F4D3A8B4A604}"
EndProject
Project("{FAE04EC0-301F-11D3-BF4B-00C04F79EFBC}") = "WpfNotes", "WpfNotes\WpfNotes.csproj", "{AD6376F4-3781-412E-B335-BC3208ED0AC2}"
EndProject
Global
	GlobalSection(SolutionConfigurationPlatforms) = preSolution
		Debug|Any CPU = Debug|Any CPU
		Debug|ARM64 = Debug|ARM64
		Debug|x64 = Debug|x64
		Debug|x86 = Debug|x86
		Release|Any CPU = Release|Any CPU
		Release|ARM64 = Release|ARM64
		Release|x64 = Release|x64
		Release|x86 = Release|x86
	EndGlobalSection
	GlobalSection(ProjectConfigurationPlatforms) = postSolution
		{E2B65A55-EDAF-48BD-A681-F86B3F0A4CCC}.Debug|Any CPU.ActiveCfg = Debug|Any CPU
		{E2B65A55-EDAF-48BD-A681-F86B3F0A4CCC}.Debug|Any CPU.Build.0 = Debug|Any CPU
		{E2B65A55-EDAF-48BD-A681-F86B3F0A4CCC}.Debug|ARM64.ActiveCfg = Debug|Any CPU
		{E2B65A55-EDAF-48BD-A681-F86B3F0A4CCC}.Debug|ARM64.Build.0 = Debug|Any CPU
		{E2B65A55-EDAF-48BD-A681-F86B3F0A4CCC}.Debug|x64.ActiveCfg = Debug|Any CPU
		{E2B65A55-EDAF-48BD-A681-F86B3F0A4CCC}.Debug|x64.Build.0 = Debug|Any CPU
		{E2B65A55-EDAF-48BD-A681-F86B3F0A4CCC}.Debug|x86.ActiveCfg = Debug|Any CPU
		{E2B65A55-EDAF-48BD-A681-F86B3F0A4CCC}.Debug|x86.Build.0 = Debug|Any CPU
		{E2B65A55-EDAF-48BD-A681-F86B3F0A4CCC}.Release|Any CPU.ActiveCfg = Release|Any CPU
		{E2B65A55-EDAF-48BD-A681-F86B3F0A4CCC}.Release|Any CPU.Build.0 = Release|Any CPU
		{E2B65A55-EDAF-48BD-A681-F86B3F0A4CCC}.Release|ARM64.ActiveCfg = Release|Any CPU
		{E2B65A55-EDAF-48BD-A681-F86B3F0A4CCC}.Release|ARM64.Build.0 = Release|Any CPU
		{E2B65A55-EDAF-48BD-A681-F86B3F0A4CCC}.Release|x64.ActiveCfg = Release|Any CPU
		{E2B65A55-EDAF-48BD-A681-F86B3F0A4CCC}.Release|x64.Build.0 = Release|Any CPU
		{E2B65A55-EDAF-48BD-A681-F86B3F0A4CCC}.Release|x86.ActiveCfg = Release|Any CPU
		{E2B65A55-EDAF-48BD-A681-F86B3F0A4CCC}.Release|x86.Build.0 = Release|Any CPU
		{B9B188C3-FCCF-4B42-8B19-5CDEC28965A8}.Debug|Any CPU.ActiveCfg = Debug|Any CPU
		{B9B188C3-FCCF-4B42-8B19-5CDEC28965A8}.Debug|Any CPU.Build.0 = Debug|Any CPU
		{B9B188C3-FCCF-4B42-8B19-5CDEC28965A8}.Debug|Any CPU.Deploy.0 = Debug|Any CPU
		{B9B188C3-FCCF-4B42-8B19-5CDEC28965A8}.Debug|ARM64.ActiveCfg = Debug|Any CPU
		{B9B188C3-FCCF-4B42-8B19-5CDEC28965A8}.Debug|ARM64.Build.0 = Debug|Any CPU
		{B9B188C3-FCCF-4B42-8B19-5CDEC28965A8}.Debug|ARM64.Deploy.0 = Debug|Any CPU
		{B9B188C3-FCCF-4B42-8B19-5CDEC28965A8}.Debug|x64.ActiveCfg = Debug|Any CPU
		{B9B188C3-FCCF-4B42-8B19-5CDEC28965A8}.Debug|x64.Build.0 = Debug|Any CPU
		{B9B188C3-FCCF-4B42-8B19-5CDEC28965A8}.Debug|x64.Deploy.0 = Debug|Any CPU
		{B9B188C3-FCCF-4B42-8B19-5CDEC28965A8}.Debug|x86.ActiveCfg = Debug|Any CPU
		{B9B188C3-FCCF-4B42-8B19-5CDEC28965A8}.Debug|x86.Build.0 = Debug|Any CPU
		{B9B188C3-FCCF-4B42-8B19-5CDEC28965A8}.Debug|x86.Deploy.0 = Debug|Any CPU
		{B9B188C3-FCCF-4B42-8B19-5CDEC28965A8}.Release|Any CPU.ActiveCfg = Release|Any CPU
		{B9B188C3-FCCF-4B42-8B19-5CDEC28965A8}.Release|Any CPU.Build.0 = Release|Any CPU
		{B9B188C3-FCCF-4B42-8B19-5CDEC28965A8}.Release|Any CPU.Deploy.0 = Release|Any CPU
		{B9B188C3-FCCF-4B42-8B19-5CDEC28965A8}.Release|ARM64.ActiveCfg = Release|Any CPU
		{B9B188C3-FCCF-4B42-8B19-5CDEC28965A8}.Release|ARM64.Build.0 = Release|Any CPU
		{B9B188C3-FCCF-4B42-8B19-5CDEC28965A8}.Release|ARM64.Deploy.0 = Release|Any CPU
		{B9B188C3-FCCF-4B42-8B19-5CDEC28965A8}.Release|x64.ActiveCfg = Release|Any CPU
		{B9B188C3-FCCF-4B42-8B19-5CDEC28965A8}.Release|x64.Build.0 = Release|Any CPU
		{B9B188C3-FCCF-4B42-8B19-5CDEC28965A8}.Release|x64.Deploy.0 = Release|Any CPU
		{B9B188C3-FCCF-4B42-8B19-5CDEC28965A8}.Release|x86.ActiveCfg = Release|Any CPU
		{B9B188C3-FCCF-4B42-8B19-5CDEC28965A8}.Release|x86.Build.0 = Release|Any CPU
		{B9B188C3-FCCF-4B42-8B19-5CDEC28965A8}.Release|x86.Deploy.0 = Release|Any CPU
		{58A362B8-A340-4754-9C81-F4D3A8B4A604}.Debug|Any CPU.ActiveCfg = Debug|x64
		{58A362B8-A340-4754-9C81-F4D3A8B4A604}.Debug|Any CPU.Build.0 = Debug|x64
		{58A362B8-A340-4754-9C81-F4D3A8B4A604}.Debug|Any CPU.Deploy.0 = Debug|x64
		{58A362B8-A340-4754-9C81-F4D3A8B4A604}.Debug|ARM64.ActiveCfg = Debug|ARM64
		{58A362B8-A340-4754-9C81-F4D3A8B4A604}.Debug|ARM64.Build.0 = Debug|ARM64
		{58A362B8-A340-4754-9C81-F4D3A8B4A604}.Debug|ARM64.Deploy.0 = Debug|ARM64
		{58A362B8-A340-4754-9C81-F4D3A8B4A604}.Debug|x64.ActiveCfg = Debug|x64
		{58A362B8-A340-4754-9C81-F4D3A8B4A604}.Debug|x64.Build.0 = Debug|x64
		{58A362B8-A340-4754-9C81-F4D3A8B4A604}.Debug|x64.Deploy.0 = Debug|x64
		{58A362B8-A340-4754-9C81-F4D3A8B4A604}.Debug|x86.ActiveCfg = Debug|x86
		{58A362B8-A340-4754-9C81-F4D3A8B4A604}.Debug|x86.Build.0 = Debug|x86
		{58A362B8-A340-4754-9C81-F4D3A8B4A604}.Debug|x86.Deploy.0 = Debug|x86
		{58A362B8-A340-4754-9C81-F4D3A8B4A604}.Release|Any CPU.ActiveCfg = Release|x64
		{58A362B8-A340-4754-9C81-F4D3A8B4A604}.Release|Any CPU.Build.0 = Release|x64
		{58A362B8-A340-4754-9C81-F4D3A8B4A604}.Release|Any CPU.Deploy.0 = Release|x64
		{58A362B8-A340-4754-9C81-F4D3A8B4A604}.Release|ARM64.ActiveCfg = Release|ARM64
		{58A362B8-A340-4754-9C81-F4D3A8B4A604}.Release|ARM64.Build.0 = Release|ARM64
		{58A362B8-A340-4754-9C81-F4D3A8B4A604}.Release|ARM64.Deploy.0 = Release|ARM64
		{58A362B8-A340-4754-9C81-F4D3A8B4A604}.Release|x64.ActiveCfg = Release|x64
		{58A362B8-A340-4754-9C81-F4D3A8B4A604}.Release|x64.Build.0 = Release|x64
		{58A362B8-A340-4754-9C81-F4D3A8B4A604}.Release|x64.Deploy.0 = Release|x64
		{58A362B8-A340-4754-9C81-F4D3A8B4A604}.Release|x86.ActiveCfg = Release|x86
		{58A362B8-A340-4754-9C81-F4D3A8B4A604}.Release|x86.Build.0 = Release|x86
		{58A362B8-A340-4754-9C81-F4D3A8B4A604}.Release|x86.Deploy.0 = Release|x86
		{AD6376F4-3781-412E-B335-BC3208ED0AC2}.Debug|Any CPU.ActiveCfg = Debug|Any CPU
		{AD6376F4-3781-412E-B335-BC3208ED0AC2}.Debug|Any CPU.Build.0 = Debug|Any CPU
		{AD6376F4-3781-412E-B335-BC3208ED0AC2}.Debug|ARM64.ActiveCfg = Debug|Any CPU
		{AD6376F4-3781-412E-B335-BC3208ED0AC2}.Debug|ARM64.Build.0 = Debug|Any CPU
		{AD6376F4-3781-412E-B335-BC3208ED0AC2}.Debug|x64.ActiveCfg = Debug|Any CPU
		{AD6376F4-3781-412E-B335-BC3208ED0AC2}.Debug|x64.Build.0 = Debug|Any CPU
		{AD6376F4-3781-412E-B335-BC3208ED0AC2}.Debug|x86.ActiveCfg = Debug|Any CPU
		{AD6376F4-3781-412E-B335-BC3208ED0AC2}.Debug|x86.Build.0 = Debug|Any CPU
		{AD6376F4-3781-412E-B335-BC3208ED0AC2}.Release|Any CPU.ActiveCfg = Release|Any CPU
		{AD6376F4-3781-412E-B335-BC3208ED0AC2}.Release|Any CPU.Build.0 = Release|Any CPU
		{AD6376F4-3781-412E-B335-BC3208ED0AC2}.Release|ARM64.ActiveCfg = Release|Any CPU
		{AD6376F4-3781-412E-B335-BC3208ED0AC2}.Release|ARM64.Build.0 = Release|Any CPU
		{AD6376F4-3781-412E-B335-BC3208ED0AC2}.Release|x64.ActiveCfg = Release|Any CPU
		{AD6376F4-3781-412E-B335-BC3208ED0AC2}.Release|x64.Build.0 = Release|Any CPU
		{AD6376F4-3781-412E-B335-BC3208ED0AC2}.Release|x86.ActiveCfg = Release|Any CPU
		{AD6376F4-3781-412E-B335-BC3208ED0AC2}.Release|x86.Build.0 = Release|Any CPU
	EndGlobalSection
	GlobalSection(SolutionProperties) = preSolution
		HideSolutionNode = FALSE
	EndGlobalSection
	GlobalSection(ExtensibilityGlobals) = postSolution
		SolutionGuid = {13BE3190-4904-45C3-8C74-7709B78E9FB5}
	EndGlobalSection
EndGlobal
